
Microsoft Visual Studio Solution File, Format Version 12.00
# Visual Studio Version 17
VisualStudioVersion = 17.4.33110.190
MinimumVisualStudioVersion = 10.0.40219.1
Project("{FAE04EC0-301F-11D3-BF4B-00C04F79EFBC}") = "Delegate", "Delegate\Delegate.csproj", "{38022ECD-DE75-4CF0-9B76-5453B2F45E72}"
EndProject
Global
	GlobalSection(SolutionConfigurationPlatforms) = preSolution
		Debug|Any CPU = Debug|Any CPU
		Release|Any CPU = Release|Any CPU
	EndGlobalSection
	GlobalSection(ProjectConfigurationPlatforms) = postSolution
		{38022ECD-DE75-4CF0-9B76-5453B2F45E72}.Debug|Any CPU.ActiveCfg = Debug|Any CPU
		{38022ECD-DE75-4CF0-9B76-5453B2F45E72}.Debug|Any CPU.Build.0 = Debug|Any CPU
		{38022ECD-DE75-4CF0-9B76-5453B2F45E72}.Release|Any CPU.ActiveCfg = Release|Any CPU
		{38022ECD-DE75-4CF0-9B76-5453B2F45E72}.Release|Any CPU.Build.0 = Release|Any CPU
	EndGlobalSection
	GlobalSection(SolutionProperties) = preSolution
		HideSolutionNode = FALSE
	EndGlobalSection
	GlobalSection(ExtensibilityGlobals) = postSolution
		SolutionGuid = {10AEF8A2-6E63-43C9-830F-7F9D42275044}
	EndGlobalSection
EndGlobal
